{
    "_meta": {
        "hash": {
            "sha256": "7645009ddfa68d1cd9f1a9fd81ec1b8984e629bc4411ad3dc9d0db82b58a7724"
        },
        "host-environment-markers": {
            "implementation_name": "cpython",
            "implementation_version": "0",
            "os_name": "posix",
            "platform_machine": "x86_64",
            "platform_python_implementation": "CPython",
            "platform_release": "4.11.0-14-generic",
            "platform_system": "Linux",
            "platform_version": "#20~16.04.1-Ubuntu SMP Wed Aug 9 09:06:22 UTC 2017",
            "python_full_version": "2.7.12",
            "python_version": "2.7",
            "sys_platform": "linux2"
        },
        "pipfile-spec": 6,
        "requires": {},
        "sources": [
            {
                "url": "https://pypi.python.org/simple",
                "verify_ssl": true
            }
        ]
    },
    "default": {
        "argcomplete": {
            "hashes": [
                "sha256:74e34bbd5bcb902e67a39e2edf1b1ef3dcb504a6a1d4cd23ce3949f25c4aad55",
                "sha256:d6ea272a93bb0387f758def836e73c36fff0c54170258c212de3e84f7db8d5ed"
            ],
            "version": "==1.9.2"
        },
        "base58": {
            "hashes": [
                "sha256:aafdd84adf1fbd073eb2fd7f7266d7bd9f2423ee1000ee61cd021b97ed359f39",
                "sha256:97cb4dcbc7a81afb802f41033d5562b6c48633426a67bf41e4cad186f581158c"
            ],
            "version": "==0.2.4"
        },
        "boto3": {
            "hashes": [
                "sha256:38057b066990172ce6ebbf2a5e046a545503793581fcf14cab0e3821c6112eb0",
                "sha256:f79f77dca2280f7780f39d72a5088f4cf2b626c0921e7185ed6ac17abfdd7e6c"
            ],
            "version": "==1.4.7"
        },
        "botocore": {
            "hashes": [
                "sha256:aa597859031829b576071d4fd9bf5032df0b0d0ad78ad26e172d5bfae509a79c",
                "sha256:63de72105f91a78095e1056375283dfb6fa91c703c63e9ffa8124620ed6fd013"
            ],
            "version": "==1.7.14"
        },
        "certifi": {
            "hashes": [
                "sha256:54a07c09c586b0e4c619f02a5e94e36619da8e2b053e20f594348c0611803704",
                "sha256:40523d2efb60523e113b44602298f0960e900388cf3bb6043f645cf57ea9e3f5"
            ],
            "version": "==2017.7.27.1"
        },
        "chardet": {
            "hashes": [
                "sha256:fc323ffcaeaed0e0a02bf4d117757b98aed530d9ed4531e3e15460124c106691",
                "sha256:84ab92ed1c4d4f16916e05906b6b75a6c0fb5db821cc65e70cbd64a3e2a5eaae"
            ],
            "version": "==3.0.4"
        },
        "click": {
            "hashes": [
                "sha256:29f99fc6125fbc931b758dc053b3114e55c77a6e4c6c3a2674a2dc986016381d",
                "sha256:f15516df478d5a56180fbf80e68f206010e6d160fc39fa508b65e035fd75130b"
            ],
            "version": "==6.7"
        },
        "docutils": {
            "hashes": [
                "sha256:7a4bd47eaf6596e1295ecb11361139febe29b084a87bf005bf899f9a42edc3c6",
                "sha256:02aec4bd92ab067f6ff27a38a38a41173bf01bed8f89157768c1573f53e474a6",
                "sha256:51e64ef2ebfb29cae1faa133b3710143496eca21c530f3f71424d77687764274"
            ],
            "version": "==0.14"
        },
        "durationpy": {
            "hashes": [
                "sha256:5ef9416b527b50d722f34655becfb75e49228eb82f87b855ed1911b3314b5408"
            ],
            "version": "==0.5"
        },
        "e1839a8": {
            "editable": true,
            "path": "."
        },
        "flask": {
            "hashes": [
                "sha256:0749df235e3ff61ac108f69ac178c9770caeaccad2509cb762ce1f65570a8856",
                "sha256:49f44461237b69ecd901cc7ce66feea0319b9158743dd27a2899962ab214dac1"
            ],
            "version": "==0.12.2"
        },
        "future": {
            "hashes": [
                "sha256:e39ced1ab767b5936646cedba8bcce582398233d6a627067d4c6a454c90cfedb"
            ],
            "version": "==0.16.0"
        },
        "futures": {
            "hashes": [
                "sha256:c4884a65654a7c45435063e14ae85280eb1f111d94e542396717ba9828c4337f",
                "sha256:51ecb45f0add83c806c68e4b06106f90db260585b25ef2abfcda0bd95c0132fd"
            ],
            "version": "==3.1.1"
        },
        "gspread": {
            "hashes": [
                "sha256:41d4397b10bf330995be1d766ce449efe3db20c0b2f6b271e2273e7c48169bba"
            ],
            "version": "==0.6.2"
        },
        "hjson": {
            "hashes": [
                "sha256:9cf8b36292b77c13ef05a497eb15737e7ddc301b5885ad6346a01f34c0f99dd7"
            ],
            "version": "==3.0.0"
        },
        "httplib2": {
            "hashes": [
                "sha256:e404d3b7bd86c1bc931906098e7c1305d6a3a6dcef141b8bb1059903abb3ceeb"
            ],
            "version": "==0.10.3"
        },
        "idna": {
            "hashes": [
                "sha256:8c7309c718f94b3a625cb648ace320157ad16ff131ae0af362c9f21b80ef6ec4",
                "sha256:2c6a5de3089009e3da7c5dde64a141dbc8551d5b7f6cf4ed7c2568d0cc520a8f"
            ],
            "version": "==2.6"
        },
        "itsdangerous": {
            "hashes": [
                "sha256:cbb3fcf8d3e33df861709ecaf89d9e6629cff0a217bc2848f1b41cd30d360519"
            ],
            "version": "==0.24"
        },
        "jinja2": {
            "hashes": [
                "sha256:2231bace0dfd8d2bf1e5d7e41239c06c9e0ded46e70cc1094a0aa64b0afeb054",
                "sha256:ddaa01a212cd6d641401cb01b605f4a4d9f37bfc93043d7f760ec70fb99ff9ff"
            ],
            "version": "==2.9.6"
        },
        "jmespath": {
            "hashes": [
                "sha256:f11b4461f425740a1d908e9a3f7365c3d2e569f6ca68a2ff8bc5bcd9676edd63",
                "sha256:6a81d4c9aa62caf061cb517b4d9ad1dd300374cd4706997aff9cd6aedd61fc64"
            ],
            "version": "==0.9.3"
        },
        "kappa": {
            "hashes": [
                "sha256:4d6b7b3accce4a0aaaac92b36237a6304f0f2fffbbe3caea3f7c9f52d12c9989",
                "sha256:4b5b372872f25d619e427e04282551048dc975a107385b076b3ffc6406a15833"
            ],
            "version": "==0.6.0"
        },
        "lambda-packages": {
            "hashes": [
                "sha256:28b407c21dd8a82975d0c01ba6f4aa60022e516eabcfa708a50739a8ef5d0815"
            ],
            "version": "==0.16.1"
        },
        "logzero": {
            "hashes": [
                "sha256:172b4e170b96402551d79c86dc689199c43b5f32b3b976cf5e193b2995857316",
                "sha256:f3433f87a184e1d846099c521437bfe9d463d4b74c3b2da3488b4f52ce821a1d"
            ],
            "version": "==1.3.1"
        },
        "markupsafe": {
            "hashes": [
                "sha256:a6be69091dac236ea9c6bc7d012beab42010fa914c459791d627dad4910eb665"
            ],
            "version": "==1.0"
        },
        "oauth2client": {
            "hashes": [
                "sha256:cf061f52f75e91d489bf5c276498f8af2655fe331b454f10022441513cf445a6",
                "sha256:bd3062c06f8b10c6ef7a890b22c2740e5f87d61b6e1f4b1c90d069cdfc9dadb5"
            ],
            "version": "==4.1.2"
        },
        "placebo": {
            "hashes": [
                "sha256:8aa848b892924786fa5e37e75524e8ec039b7d54860d35c51ffb4ed3e30590c5"
            ],
            "version": "==0.8.1"
        },
        "pyasn1": {
            "hashes": [
                "sha256:a1b5e7fb8ee082217576ac2e91ad2b5e4c590277fbe86b197b447424e7472f13",
                "sha256:72540e4846b0e1f659723558f63a62abe7106becb6ebb35c05b5f7803caa53e8",
                "sha256:686f0cbfa3f3587ab29a7e6477a587f4e72d74e6f5d8b8a14de7e47a53f2b345",
                "sha256:6f318b30b5592d2f69acb06ea79f557e01ee0acab9a83a0f3cf1747f637df550",
                "sha256:06afc633971ab80943f06b96d3d6314f461001c92418fc0cd682a8357a1db47f",
                "sha256:ac60ffbd5d2d3f9aeb7c73938526c4141da849dd57a7e1084864324aed9eb986",
                "sha256:fc6fec92d096b24aabd6f241817af14dabddbd5f3aef6c78f849614e6073bb7d",
                "sha256:4dd57f10fd90ac5e2da7fcbb08ba9d88acb1ab8b1ffa532b6934ae30b2dcdbe5",
                "sha256:5b1822324613a02a064a8baebbed02afbff1b9077ab5b761d6424c762c4f3de4",
                "sha256:bbc702abbec2da12eb726f9d534296bb2ad90fa1be977a0214ce157cede5eb26",
                "sha256:325b55a20bf9648ee9400a18aa8b13f6073e0d3057fc77b9778b743f27ccce8b",
                "sha256:f0380ea97db0ede095a0dd87ce3003d46c197191f924206e43f776fc77e51f09"
            ],
            "version": "==0.3.6"
        },
        "pyasn1-modules": {
            "hashes": [
                "sha256:ca3cdc5d8ecc97f78a202009512254bd7aeef77069405e9e834b45c48a26a4db",
                "sha256:2e39aead1602e4e5aa8b796260848f9383e51bea278edf7d2b4fb686944425fa",
                "sha256:641cc18cf56d4a60679804aa8ae8cbc7359b3fa2d5559df064ecfaca27d15b10",
                "sha256:7411e837c83ea4cb6088aa3bf63691d348454fcd9bb3d9cc342859282419bfcf",
                "sha256:529d5d509562c22877a53771c5b394d8102c98cd62f33bb5af23b475879ea6d5",
                "sha256:a24f5118f41af33f13fa0c7e8419fc7380dfe2d2f2dc0f554d928141c842f924",
                "sha256:ab7e23e45f32f0515e5a084eecaff22653bb6277d0d4229cb7369117abf33baa",
                "sha256:6ad0e6772af4b74bd63c78c0102ece7b6a775f764e395137968af575c20bbfc9",
                "sha256:34e1d014608ca4f8a0cc3164a5add93f4b8a04a3871b96d31a028ff36a6fe924",
                "sha256:beb3d344fee1fa68ddf36471c5d9120665ba049900d7fccbffa50c77036581de",
                "sha256:7930d0f6109a47f78e5fb88a4f7ed2bfa1073ec9ddb2657deffa92f0805568fb",
                "sha256:b07c17bdb34d6f64aafea6269f2e8fb306a57473f0f38d9a6ca389d6ab30ac4a"
            ],
            "version": "==0.1.4"
        },
        "python-dateutil": {
            "hashes": [
                "sha256:95511bae634d69bc7329ba55e646499a842bc4ec342ad54a8cdb65645a0aad3c",
                "sha256:891c38b2a02f5bb1be3e4793866c8df49c7d19baabf9c1bad62547e0b4866aca"
            ],
            "version": "==2.6.1"
        },
        "python-slugify": {
            "hashes": [
                "sha256:c3733135d3b184196fdb8844f6a74bbfb9cf6720d1dcce3254bdc434353f938f",
                "sha256:57a385df7a1c6dbd15f7666eaff0ff29d3f60363b228b1197c5308ed3ba5f824"
            ],
            "version": "==1.2.4"
        },
        "pyyaml": {
            "hashes": [
                "sha256:3262c96a1ca437e7e4763e2843746588a965426550f3797a79fca9c6199c431f",
                "sha256:16b20e970597e051997d90dc2cddc713a2876c47e3d92d59ee198700c5427736",
                "sha256:e863072cdf4c72eebf179342c94e6989c67185842d9997960b3e69290b2fa269",
                "sha256:bc6bced57f826ca7cb5125a10b23fd0f2fff3b7c4701d64c439a300ce665fff8",
                "sha256:c01b880ec30b5a6e6aa67b09a2fe3fb30473008c85cd6a67359a1b15ed6d83a4",
                "sha256:827dc04b8fa7d07c44de11fabbc888e627fa8293b695e0f99cb544fdfa1bf0d1",
                "sha256:592766c6303207a20efc445587778322d7f73b161bd994f227adaa341ba212ab",
                "sha256:5f84523c076ad14ff5e6c037fe1c89a7f73a3e04cf0377cb4d017014976433f3",
                "sha256:0c507b7f74b3d2dd4d1322ec8a94794927305ab4cebbe89cc47fe5e81541e6e8",
                "sha256:b4c423ab23291d3945ac61346feeb9a0dc4184999ede5e7c43e1ffb975130ae6",
                "sha256:ca233c64c6e40eaa6c66ef97058cdc80e8d0157a443655baa1b2966e812807ca",
                "sha256:4474f8ea030b5127225b8894d626bb66c01cda098d47a2b0d3429b6700af9fd8",
                "sha256:326420cbb492172dec84b0f65c80942de6cedb5233c413dd824483989c000608",
                "sha256:5ac82e411044fb129bae5cfbeb3ba626acb2af31a8d17d175004b70862a741a7"
            ],
            "version": "==3.12"
        },
        "requests": {
            "hashes": [
                "sha256:6a1b267aa90cac58ac3a765d067950e7dbbf75b1da07e895d1f594193a40a38b",
                "sha256:9c443e7324ba5b85070c4a818ade28bfabedf16ea10206da1132edaa6dda237e"
            ],
            "version": "==2.18.4"
        },
        "rsa": {
            "hashes": [
                "sha256:43f682fea81c452c98d09fc316aae12de6d30c4b5c84226642cf8f8fd1c93abd",
                "sha256:25df4e10c263fb88b5ace923dd84bf9aa7f5019687b5e55382ffcdb8bede9db5"
            ],
            "version": "==3.4.2"
        },
        "s3transfer": {
            "hashes": [
                "sha256:c7b16f4cca5acd2bd57ac9623bfba3fece047247392893506d0d2e6f25620eb3",
                "sha256:76f1f58f4a47e2c8afa135e2c76958806a3abbc42b721d87fd9d11409c75d979"
            ],
            "version": "==0.1.11"
        },
        "six": {
            "hashes": [
                "sha256:832dc0e10feb1aa2c68dcc57dbb658f1c7e65b9b61af69048abc87a2db00a0eb",
                "sha256:70e8a77beed4562e7f14fe23a786b54f6296e34344c23bc42f07b15018ff98e9"
            ],
            "version": "==1.11.0"
        },
        "toml": {
            "hashes": [
                "sha256:b3953bffe848ad9a6d554114d82f2dcb3e23945e90b4d9addc9956f37f336594"
            ],
            "version": "==0.9.2"
        },
        "tqdm": {
            "hashes": [
                "sha256:9f019dcbec25b5b4cb1bbf43e5c346e0d6a001fe4f598d70283d379e5314e202",
                "sha256:6ec1dc74efacf2cda936b4a6cf4082ce224c76763bdec9f17e437c8cfcaa9953"
            ],
            "version": "==4.15.0"
        },
        "troposphere": {
            "hashes": [
                "sha256:384ea47fd20e8a84eacad82185c61d649ea3b95876a36dafdb34e04e7c31714d"
            ],
            "version": "==1.9.6"
        },
        "unidecode": {
            "hashes": [
                "sha256:61f807220eda0203a774a09f84b4304a3f93b5944110cc132af29ddb81366883",
                "sha256:280a6ab88e1f2eb5af79edff450021a0d3f0448952847cd79677e55e58bad051"
            ],
            "version": "==0.4.21"
        },
        "urllib3": {
            "hashes": [
                "sha256:06330f386d6e4b195fbfc736b297f58c5a892e4440e54d294d7004e3a9bbea1b",
                "sha256:cc44da8e1145637334317feebd728bd869a35285b93cbb4cca2577da7e62db4f"
            ],
            "version": "==1.22"
        },
        "werkzeug": {
            "hashes": [
                "sha256:7fce5d96278e9e4132fd0e90ff17d2bcc6e74695d11e619ba4645c0341396810",
                "sha256:f007848ed997101cb5c09a47e46c0b0b6f193d0f8a01cd2af920d77bf1ab4e68"
            ],
            "version": "==0.12"
        },
        "wheel": {
            "hashes": [
                "sha256:e721e53864f084f956f40f96124a74da0631ac13fbbd1ba99e8e2b5e9cafdf64",
                "sha256:9515fe0a94e823fd90b08d22de45d7bde57c90edce705b22f5e1ecf7e1b653c8"
            ],
            "version": "==0.30.0"
        },
        "wsgi-request-logger": {
            "hashes": [
                "sha256:445d7ec52799562f812006394d0b4a7064b37084c6ea6bd74ea7a2136c97ed83"
            ],
            "version": "==0.4.6"
        },
        "zappa": {
            "hashes": [
                "sha256:70c81926f7a57257038ad09144558dfacf7145cf3e21cd3703f3a2f36cba335f",
                "sha256:c646a47c3648c3fe085b8d83bb362b5af1cc7a82234cb339137538003f0b4efb"
            ],
            "version": "==0.44.3"
        }
    },
    "develop": {
        "argcomplete": {
            "hashes": [
                "sha256:74e34bbd5bcb902e67a39e2edf1b1ef3dcb504a6a1d4cd23ce3949f25c4aad55",
                "sha256:d6ea272a93bb0387f758def836e73c36fff0c54170258c212de3e84f7db8d5ed"
            ],
            "version": "==1.9.2"
        },
        "base58": {
            "hashes": [
                "sha256:aafdd84adf1fbd073eb2fd7f7266d7bd9f2423ee1000ee61cd021b97ed359f39",
                "sha256:97cb4dcbc7a81afb802f41033d5562b6c48633426a67bf41e4cad186f581158c"
            ],
            "version": "==0.2.4"
        },
        "boto3": {
            "hashes": [
                "sha256:38057b066990172ce6ebbf2a5e046a545503793581fcf14cab0e3821c6112eb0",
                "sha256:f79f77dca2280f7780f39d72a5088f4cf2b626c0921e7185ed6ac17abfdd7e6c"
            ],
            "version": "==1.4.7"
        },
        "botocore": {
            "hashes": [
                "sha256:aa597859031829b576071d4fd9bf5032df0b0d0ad78ad26e172d5bfae509a79c",
                "sha256:63de72105f91a78095e1056375283dfb6fa91c703c63e9ffa8124620ed6fd013"
            ],
            "version": "==1.7.14"
        },
        "certifi": {
            "hashes": [
                "sha256:54a07c09c586b0e4c619f02a5e94e36619da8e2b053e20f594348c0611803704",
                "sha256:40523d2efb60523e113b44602298f0960e900388cf3bb6043f645cf57ea9e3f5"
            ],
            "version": "==2017.7.27.1"
        },
        "chardet": {
            "hashes": [
                "sha256:fc323ffcaeaed0e0a02bf4d117757b98aed530d9ed4531e3e15460124c106691",
                "sha256:84ab92ed1c4d4f16916e05906b6b75a6c0fb5db821cc65e70cbd64a3e2a5eaae"
            ],
            "version": "==3.0.4"
        },
        "click": {
            "hashes": [
                "sha256:29f99fc6125fbc931b758dc053b3114e55c77a6e4c6c3a2674a2dc986016381d",
                "sha256:f15516df478d5a56180fbf80e68f206010e6d160fc39fa508b65e035fd75130b"
            ],
            "version": "==6.7"
        },
        "docutils": {
            "hashes": [
                "sha256:7a4bd47eaf6596e1295ecb11361139febe29b084a87bf005bf899f9a42edc3c6",
                "sha256:02aec4bd92ab067f6ff27a38a38a41173bf01bed8f89157768c1573f53e474a6",
                "sha256:51e64ef2ebfb29cae1faa133b3710143496eca21c530f3f71424d77687764274"
            ],
            "version": "==0.14"
        },
        "durationpy": {
            "hashes": [
                "sha256:5ef9416b527b50d722f34655becfb75e49228eb82f87b855ed1911b3314b5408"
            ],
            "version": "==0.5"
        },
        "flask": {
            "hashes": [
                "sha256:0749df235e3ff61ac108f69ac178c9770caeaccad2509cb762ce1f65570a8856",
                "sha256:49f44461237b69ecd901cc7ce66feea0319b9158743dd27a2899962ab214dac1"
            ],
            "version": "==0.12.2"
        },
        "future": {
            "hashes": [
                "sha256:e39ced1ab767b5936646cedba8bcce582398233d6a627067d4c6a454c90cfedb"
            ],
            "version": "==0.16.0"
        },
        "futures": {
            "hashes": [
                "sha256:c4884a65654a7c45435063e14ae85280eb1f111d94e542396717ba9828c4337f",
                "sha256:51ecb45f0add83c806c68e4b06106f90db260585b25ef2abfcda0bd95c0132fd"
            ],
            "version": "==3.1.1"
        },
        "gspread": {
            "hashes": [
                "sha256:41d4397b10bf330995be1d766ce449efe3db20c0b2f6b271e2273e7c48169bba"
            ],
            "version": "==0.6.2"
        },
        "hjson": {
            "hashes": [
                "sha256:9cf8b36292b77c13ef05a497eb15737e7ddc301b5885ad6346a01f34c0f99dd7"
            ],
            "version": "==3.0.0"
        },
        "httplib2": {
            "hashes": [
                "sha256:e404d3b7bd86c1bc931906098e7c1305d6a3a6dcef141b8bb1059903abb3ceeb"
            ],
            "version": "==0.10.3"
        },
        "idna": {
            "hashes": [
                "sha256:8c7309c718f94b3a625cb648ace320157ad16ff131ae0af362c9f21b80ef6ec4",
                "sha256:2c6a5de3089009e3da7c5dde64a141dbc8551d5b7f6cf4ed7c2568d0cc520a8f"
            ],
            "version": "==2.6"
        },
        "itsdangerous": {
            "hashes": [
                "sha256:cbb3fcf8d3e33df861709ecaf89d9e6629cff0a217bc2848f1b41cd30d360519"
            ],
            "version": "==0.24"
        },
        "jinja2": {
            "hashes": [
                "sha256:2231bace0dfd8d2bf1e5d7e41239c06c9e0ded46e70cc1094a0aa64b0afeb054",
                "sha256:ddaa01a212cd6d641401cb01b605f4a4d9f37bfc93043d7f760ec70fb99ff9ff"
            ],
            "version": "==2.9.6"
        },
        "jmespath": {
            "hashes": [
                "sha256:f11b4461f425740a1d908e9a3f7365c3d2e569f6ca68a2ff8bc5bcd9676edd63",
                "sha256:6a81d4c9aa62caf061cb517b4d9ad1dd300374cd4706997aff9cd6aedd61fc64"
            ],
            "version": "==0.9.3"
        },
        "kappa": {
            "hashes": [
                "sha256:4d6b7b3accce4a0aaaac92b36237a6304f0f2fffbbe3caea3f7c9f52d12c9989",
                "sha256:4b5b372872f25d619e427e04282551048dc975a107385b076b3ffc6406a15833"
            ],
            "version": "==0.6.0"
        },
        "lambda-packages": {
            "hashes": [
                "sha256:28b407c21dd8a82975d0c01ba6f4aa60022e516eabcfa708a50739a8ef5d0815"
            ],
            "version": "==0.16.1"
        },
        "logzero": {
            "hashes": [
                "sha256:172b4e170b96402551d79c86dc689199c43b5f32b3b976cf5e193b2995857316",
                "sha256:f3433f87a184e1d846099c521437bfe9d463d4b74c3b2da3488b4f52ce821a1d"
            ],
            "version": "==1.3.1"
        },
        "markupsafe": {
            "hashes": [
                "sha256:a6be69091dac236ea9c6bc7d012beab42010fa914c459791d627dad4910eb665"
            ],
            "version": "==1.0"
        },
        "oauth2client": {
            "hashes": [
                "sha256:cf061f52f75e91d489bf5c276498f8af2655fe331b454f10022441513cf445a6",
                "sha256:bd3062c06f8b10c6ef7a890b22c2740e5f87d61b6e1f4b1c90d069cdfc9dadb5"
            ],
            "version": "==4.1.2"
        },
        "placebo": {
            "hashes": [
                "sha256:8aa848b892924786fa5e37e75524e8ec039b7d54860d35c51ffb4ed3e30590c5"
            ],
            "version": "==0.8.1"
        },
        "pluggy": {
            "hashes": [
                "sha256:bd60171dbb250fdebafad46ed16d97065369da40568ae948ef7117eee8536e94"
            ],
            "version": "==0.5.2"
        },
        "py": {
            "hashes": [
                "sha256:2ccb79b01769d99115aa600d7eed99f524bf752bba8f041dc1c184853514655a",
                "sha256:0f2d585d22050e90c7d293b6451c83db097df77871974d90efd5a30dc12fcde3"
            ],
            "version": "==1.4.34"
        },
        "pyasn1": {
            "hashes": [
                "sha256:a1b5e7fb8ee082217576ac2e91ad2b5e4c590277fbe86b197b447424e7472f13",
                "sha256:72540e4846b0e1f659723558f63a62abe7106becb6ebb35c05b5f7803caa53e8",
                "sha256:686f0cbfa3f3587ab29a7e6477a587f4e72d74e6f5d8b8a14de7e47a53f2b345",
                "sha256:6f318b30b5592d2f69acb06ea79f557e01ee0acab9a83a0f3cf1747f637df550",
                "sha256:06afc633971ab80943f06b96d3d6314f461001c92418fc0cd682a8357a1db47f",
                "sha256:ac60ffbd5d2d3f9aeb7c73938526c4141da849dd57a7e1084864324aed9eb986",
                "sha256:fc6fec92d096b24aabd6f241817af14dabddbd5f3aef6c78f849614e6073bb7d",
                "sha256:4dd57f10fd90ac5e2da7fcbb08ba9d88acb1ab8b1ffa532b6934ae30b2dcdbe5",
                "sha256:5b1822324613a02a064a8baebbed02afbff1b9077ab5b761d6424c762c4f3de4",
                "sha256:bbc702abbec2da12eb726f9d534296bb2ad90fa1be977a0214ce157cede5eb26",
                "sha256:325b55a20bf9648ee9400a18aa8b13f6073e0d3057fc77b9778b743f27ccce8b",
                "sha256:f0380ea97db0ede095a0dd87ce3003d46c197191f924206e43f776fc77e51f09"
            ],
            "version": "==0.3.6"
        },
        "pyasn1-modules": {
            "hashes": [
                "sha256:ca3cdc5d8ecc97f78a202009512254bd7aeef77069405e9e834b45c48a26a4db",
                "sha256:2e39aead1602e4e5aa8b796260848f9383e51bea278edf7d2b4fb686944425fa",
                "sha256:641cc18cf56d4a60679804aa8ae8cbc7359b3fa2d5559df064ecfaca27d15b10",
                "sha256:7411e837c83ea4cb6088aa3bf63691d348454fcd9bb3d9cc342859282419bfcf",
                "sha256:529d5d509562c22877a53771c5b394d8102c98cd62f33bb5af23b475879ea6d5",
                "sha256:a24f5118f41af33f13fa0c7e8419fc7380dfe2d2f2dc0f554d928141c842f924",
                "sha256:ab7e23e45f32f0515e5a084eecaff22653bb6277d0d4229cb7369117abf33baa",
                "sha256:6ad0e6772af4b74bd63c78c0102ece7b6a775f764e395137968af575c20bbfc9",
                "sha256:34e1d014608ca4f8a0cc3164a5add93f4b8a04a3871b96d31a028ff36a6fe924",
                "sha256:beb3d344fee1fa68ddf36471c5d9120665ba049900d7fccbffa50c77036581de",
                "sha256:7930d0f6109a47f78e5fb88a4f7ed2bfa1073ec9ddb2657deffa92f0805568fb",
                "sha256:b07c17bdb34d6f64aafea6269f2e8fb306a57473f0f38d9a6ca389d6ab30ac4a"
            ],
            "version": "==0.1.4"
        },
        "python-dateutil": {
            "hashes": [
                "sha256:95511bae634d69bc7329ba55e646499a842bc4ec342ad54a8cdb65645a0aad3c",
                "sha256:891c38b2a02f5bb1be3e4793866c8df49c7d19baabf9c1bad62547e0b4866aca"
            ],
            "version": "==2.6.1"
        },
        "python-slugify": {
            "hashes": [
                "sha256:c3733135d3b184196fdb8844f6a74bbfb9cf6720d1dcce3254bdc434353f938f",
                "sha256:57a385df7a1c6dbd15f7666eaff0ff29d3f60363b228b1197c5308ed3ba5f824"
            ],
            "version": "==1.2.4"
        },
        "pyyaml": {
            "hashes": [
                "sha256:3262c96a1ca437e7e4763e2843746588a965426550f3797a79fca9c6199c431f",
                "sha256:16b20e970597e051997d90dc2cddc713a2876c47e3d92d59ee198700c5427736",
                "sha256:e863072cdf4c72eebf179342c94e6989c67185842d9997960b3e69290b2fa269",
                "sha256:bc6bced57f826ca7cb5125a10b23fd0f2fff3b7c4701d64c439a300ce665fff8",
                "sha256:c01b880ec30b5a6e6aa67b09a2fe3fb30473008c85cd6a67359a1b15ed6d83a4",
                "sha256:827dc04b8fa7d07c44de11fabbc888e627fa8293b695e0f99cb544fdfa1bf0d1",
                "sha256:592766c6303207a20efc445587778322d7f73b161bd994f227adaa341ba212ab",
                "sha256:5f84523c076ad14ff5e6c037fe1c89a7f73a3e04cf0377cb4d017014976433f3",
                "sha256:0c507b7f74b3d2dd4d1322ec8a94794927305ab4cebbe89cc47fe5e81541e6e8",
                "sha256:b4c423ab23291d3945ac61346feeb9a0dc4184999ede5e7c43e1ffb975130ae6",
                "sha256:ca233c64c6e40eaa6c66ef97058cdc80e8d0157a443655baa1b2966e812807ca",
                "sha256:4474f8ea030b5127225b8894d626bb66c01cda098d47a2b0d3429b6700af9fd8",
                "sha256:326420cbb492172dec84b0f65c80942de6cedb5233c413dd824483989c000608",
                "sha256:5ac82e411044fb129bae5cfbeb3ba626acb2af31a8d17d175004b70862a741a7"
            ],
            "version": "==3.12"
        },
        "requests": {
            "hashes": [
                "sha256:6a1b267aa90cac58ac3a765d067950e7dbbf75b1da07e895d1f594193a40a38b",
                "sha256:9c443e7324ba5b85070c4a818ade28bfabedf16ea10206da1132edaa6dda237e"
            ],
            "version": "==2.18.4"
        },
        "rsa": {
            "hashes": [
                "sha256:43f682fea81c452c98d09fc316aae12de6d30c4b5c84226642cf8f8fd1c93abd",
                "sha256:25df4e10c263fb88b5ace923dd84bf9aa7f5019687b5e55382ffcdb8bede9db5"
            ],
            "version": "==3.4.2"
        },
        "s3transfer": {
            "hashes": [
                "sha256:c7b16f4cca5acd2bd57ac9623bfba3fece047247392893506d0d2e6f25620eb3",
                "sha256:76f1f58f4a47e2c8afa135e2c76958806a3abbc42b721d87fd9d11409c75d979"
            ],
            "version": "==0.1.11"
        },
        "six": {
            "hashes": [
                "sha256:832dc0e10feb1aa2c68dcc57dbb658f1c7e65b9b61af69048abc87a2db00a0eb",
                "sha256:70e8a77beed4562e7f14fe23a786b54f6296e34344c23bc42f07b15018ff98e9"
            ],
            "version": "==1.11.0"
        },
        "toml": {
            "hashes": [
                "sha256:b3953bffe848ad9a6d554114d82f2dcb3e23945e90b4d9addc9956f37f336594"
            ],
            "version": "==0.9.2"
        },
        "tox": {
            "hashes": [
                "sha256:49d88f2c217352c499450e9f61ca82fd9c8873d01a45555bb342a32f2b6753a2",
                "sha256:d9c279e707d2cfef8d77d10f13b38b3e68b7e470018b45747560f6c3c66d6b83"
            ],
            "version": "==2.8.2"
        },
        "tqdm": {
            "hashes": [
                "sha256:9f019dcbec25b5b4cb1bbf43e5c346e0d6a001fe4f598d70283d379e5314e202",
                "sha256:6ec1dc74efacf2cda936b4a6cf4082ce224c76763bdec9f17e437c8cfcaa9953"
            ],
            "version": "==4.15.0"
        },
        "troposphere": {
            "hashes": [
                "sha256:384ea47fd20e8a84eacad82185c61d649ea3b95876a36dafdb34e04e7c31714d"
            ],
            "version": "==1.9.6"
        },
        "unidecode": {
            "hashes": [
                "sha256:61f807220eda0203a774a09f84b4304a3f93b5944110cc132af29ddb81366883",
                "sha256:280a6ab88e1f2eb5af79edff450021a0d3f0448952847cd79677e55e58bad051"
            ],
            "version": "==0.4.21"
        },
        "urllib3": {
            "hashes": [
                "sha256:06330f386d6e4b195fbfc736b297f58c5a892e4440e54d294d7004e3a9bbea1b",
                "sha256:cc44da8e1145637334317feebd728bd869a35285b93cbb4cca2577da7e62db4f"
            ],
            "version": "==1.22"
        },
        "virtualenv": {
            "hashes": [
                "sha256:39d88b533b422825d644087a21e78c45cf5af0ef7a99a1fc9fbb7b481e5c85b0",
                "sha256:02f8102c2436bb03b3ee6dede1919d1dac8a427541652e5ec95171ec8adbc93a"
            ],
            "version": "==15.1.0"
        },
        "werkzeug": {
            "hashes": [
                "sha256:7fce5d96278e9e4132fd0e90ff17d2bcc6e74695d11e619ba4645c0341396810",
                "sha256:f007848ed997101cb5c09a47e46c0b0b6f193d0f8a01cd2af920d77bf1ab4e68"
            ],
            "version": "==0.12"
        },
        "wheel": {
            "hashes": [
                "sha256:e721e53864f084f956f40f96124a74da0631ac13fbbd1ba99e8e2b5e9cafdf64",
                "sha256:9515fe0a94e823fd90b08d22de45d7bde57c90edce705b22f5e1ecf7e1b653c8"
            ],
            "version": "==0.30.0"
        },
        "wsgi-request-logger": {
            "hashes": [
                "sha256:445d7ec52799562f812006394d0b4a7064b37084c6ea6bd74ea7a2136c97ed83"
            ],
            "version": "==0.4.6"
        },
        "zappa": {
            "hashes": [
                "sha256:70c81926f7a57257038ad09144558dfacf7145cf3e21cd3703f3a2f36cba335f",
                "sha256:c646a47c3648c3fe085b8d83bb362b5af1cc7a82234cb339137538003f0b4efb"
            ],
            "version": "==0.44.3"
        }
    }
}
